
Microsoft Visual Studio Solution File, Format Version 12.00
# Visual Studio Version 16
VisualStudioVersion = 16.0.30523.141
MinimumVisualStudioVersion = 10.0.40219.1
Project("{9A19103F-16F7-4668-BE54-9A1E7A4F7556}") = "MrLocal-API", "MrLocal-API\MrLocal-API.csproj", "{C0CE978F-81EA-4AB0-9928-17683EDFC29B}"
EndProject
Project("{FAE04EC0-301F-11D3-BF4B-00C04F79EFBC}") = "MrLocal.Backend", "MrLocal.Backend\MrLocal.Backend.csproj", "{E4026E6F-29E2-4002-A096-6ABB0B2B27B9}"
EndProject
Global
	GlobalSection(SolutionConfigurationPlatforms) = preSolution
		Debug|Any CPU = Debug|Any CPU
		Release|Any CPU = Release|Any CPU
	EndGlobalSection
	GlobalSection(ProjectConfigurationPlatforms) = postSolution
		{C0CE978F-81EA-4AB0-9928-17683EDFC29B}.Debug|Any CPU.ActiveCfg = Debug|Any CPU
		{C0CE978F-81EA-4AB0-9928-17683EDFC29B}.Debug|Any CPU.Build.0 = Debug|Any CPU
		{C0CE978F-81EA-4AB0-9928-17683EDFC29B}.Release|Any CPU.ActiveCfg = Release|Any CPU
		{C0CE978F-81EA-4AB0-9928-17683EDFC29B}.Release|Any CPU.Build.0 = Release|Any CPU
		{E4026E6F-29E2-4002-A096-6ABB0B2B27B9}.Debug|Any CPU.ActiveCfg = Debug|Any CPU
		{E4026E6F-29E2-4002-A096-6ABB0B2B27B9}.Debug|Any CPU.Build.0 = Debug|Any CPU
		{E4026E6F-29E2-4002-A096-6ABB0B2B27B9}.Release|Any CPU.ActiveCfg = Release|Any CPU
		{E4026E6F-29E2-4002-A096-6ABB0B2B27B9}.Release|Any CPU.Build.0 = Release|Any CPU
	EndGlobalSection
	GlobalSection(SolutionProperties) = preSolution
		HideSolutionNode = FALSE
	EndGlobalSection
	GlobalSection(ExtensibilityGlobals) = postSolution
		SolutionGuid = {F1834885-3211-4091-98E7-134D84BB00C5}
	EndGlobalSection
EndGlobal
